
Microsoft Visual Studio Solution File, Format Version 12.00
# Visual Studio Version 17
VisualStudioVersion = 17.3.32811.315
MinimumVisualStudioVersion = 10.0.40219.1
Project("{FAE04EC0-301F-11D3-BF4B-00C04F79EFBC}") = "BulkyBookWeb", "BulkyBookWeb\BulkyBookWeb.csproj", "{6E3F0731-C0E7-46F5-93A7-D193ED10400D}"
EndProject
Global
	GlobalSection(SolutionConfigurationPlatforms) = preSolution
		Debug|Any CPU = Debug|Any CPU
		Release|Any CPU = Release|Any CPU
	EndGlobalSection
	GlobalSection(ProjectConfigurationPlatforms) = postSolution
		{6E3F0731-C0E7-46F5-93A7-D193ED10400D}.Debug|Any CPU.ActiveCfg = Debug|Any CPU
		{6E3F0731-C0E7-46F5-93A7-D193ED10400D}.Debug|Any CPU.Build.0 = Debug|Any CPU
		{6E3F0731-C0E7-46F5-93A7-D193ED10400D}.Release|Any CPU.ActiveCfg = Release|Any CPU
		{6E3F0731-C0E7-46F5-93A7-D193ED10400D}.Release|Any CPU.Build.0 = Release|Any CPU
	EndGlobalSection
	GlobalSection(SolutionProperties) = preSolution
		HideSolutionNode = FALSE
	EndGlobalSection
	GlobalSection(ExtensibilityGlobals) = postSolution
		SolutionGuid = {04CFB726-1A03-41D0-AD9F-587CBE8BC367}
	EndGlobalSection
EndGlobal
